
Microsoft Visual Studio Solution File, Format Version 10.00
# Visual Studio 2008
Project("{8BC9CEB8-8B4A-11D0-8D11-00A0C91BC942}") = "SceneGraph", "SceneGraph.vcproj", "{EA540942-6767-43FA-87A2-1C5C52E8E962}"
EndProject
Global
	GlobalSection(SolutionConfigurationPlatforms) = preSolution
		Debug|Win32 = Debug|Win32
		Release|Win32 = Release|Win32
	EndGlobalSection
	GlobalSection(ProjectConfigurationPlatforms) = postSolution
		{EA540942-6767-43FA-87A2-1C5C52E8E962}.Debug|Win32.ActiveCfg = Debug|Win32
		{EA540942-6767-43FA-87A2-1C5C52E8E962}.Debug|Win32.Build.0 = Debug|Win32
		{EA540942-6767-43FA-87A2-1C5C52E8E962}.Release|Win32.ActiveCfg = Release|Win32
		{EA540942-6767-43FA-87A2-1C5C52E8E962}.Release|Win32.Build.0 = Release|Win32
	EndGlobalSection
	GlobalSection(SolutionProperties) = preSolution
		HideSolutionNode = FALSE
	EndGlobalSection
EndGlobal
